// !$*UTF8*$!
{
	archiveVersion = 1;
	classes = {
	};
	objectVersion = 77;
	objects = {

/* Begin PBXContainerItemProxy section */
		FFDA8F632DA41A0D006DEF08 /* PBXContainerItemProxy */ = {
			isa = PBXContainerItemProxy;
			containerPortal = FFDA8F442DA41A0C006DEF08 /* Project object */;
			proxyType = 1;
			remoteGlobalIDString = FFDA8F4B2DA41A0C006DEF08;
			remoteInfo = "DetaylıTableView";
		};
		FFDA8F6D2DA41A0D006DEF08 /* PBXContainerItemProxy */ = {
			isa = PBXContainerItemProxy;
			containerPortal = FFDA8F442DA41A0C006DEF08 /* Project object */;
			proxyType = 1;
			remoteGlobalIDString = FFDA8F4B2DA41A0C006DEF08;
			remoteInfo = "DetaylıTableView";
		};
/* End PBXContainerItemProxy section */

/* Begin PBXFileReference section */
		FFDA8F4C2DA41A0C006DEF08 /* DetaylıTableView.app */ = {isa = PBXFileReference; explicitFileType = wrapper.application; includeInIndex = 0; path = "DetaylıTableView.app"; sourceTree = BUILT_PRODUCTS_DIR; };
		FFDA8F622DA41A0D006DEF08 /* DetaylıTableViewTests.xctest */ = {isa = PBXFileReference; explicitFileType = wrapper.cfbundle; includeInIndex = 0; path = "DetaylıTableViewTests.xctest"; sourceTree = BUILT_PRODUCTS_DIR; };
		FFDA8F6C2DA41A0D006DEF08 /* DetaylıTableViewUITests.xctest */ = {isa = PBXFileReference; explicitFileType = wrapper.cfbundle; includeInIndex = 0; path = "DetaylıTableViewUITests.xctest"; sourceTree = BUILT_PRODUCTS_DIR; };
/* End PBXFileReference section */

/* Begin PBXFileSystemSynchronizedBuildFileExceptionSet section */
		FFDA8F742DA41A0D006DEF08 /* Exceptions for "DetaylıTableView" folder in "DetaylıTableView" target */ = {
			isa = PBXFileSystemSynchronizedBuildFileExceptionSet;
			membershipExceptions = (
				Info.plist,
			);
			target = FFDA8F4B2DA41A0C006DEF08 /* DetaylıTableView */;
		};
/* End PBXFileSystemSynchronizedBuildFileExceptionSet section */

/* Begin PBXFileSystemSynchronizedRootGroup section */
		FFDA8F4E2DA41A0C006DEF08 /* DetaylıTableView */ = {
			isa = PBXFileSystemSynchronizedRootGroup;
			exceptions = (
				FFDA8F742DA41A0D006DEF08 /* Exceptions for "DetaylıTableView" folder in "DetaylıTableView" target */,
			);
			path = "DetaylıTableView";
			sourceTree = "<group>";
		};
		FFDA8F652DA41A0D006DEF08 /* DetaylıTableViewTests */ = {
			isa = PBXFileSystemSynchronizedRootGroup;
			path = "DetaylıTableViewTests";
			sourceTree = "<group>";
		};
		FFDA8F6F2DA41A0D006DEF08 /* DetaylıTableViewUITests */ = {
			isa = PBXFileSystemSynchronizedRootGroup;
			path = "DetaylıTableViewUITests";
			sourceTree = "<group>";
		};
/* End PBXFileSystemSynchronizedRootGroup section */

/* Begin PBXFrameworksBuildPhase section */
		FFDA8F492DA41A0C006DEF08 /* Frameworks */ = {
			isa = PBXFrameworksBuildPhase;
			buildActionMask = 2147483647;
			files = (
			);
			runOnlyForDeploymentPostprocessing = 0;
		};
		FFDA8F5F2DA41A0D006DEF08 /* Frameworks */ = {
			isa = PBXFrameworksBuildPhase;
			buildActionMask = 2147483647;
			files = (
			);
			runOnlyForDeploymentPostprocessing = 0;
		};
		FFDA8F692DA41A0D006DEF08 /* Frameworks */ = {
			isa = PBXFrameworksBuildPhase;
			buildActionMask = 2147483647;
			files = (
			);
			runOnlyForDeploymentPostprocessing = 0;
		};
/* End PBXFrameworksBuildPhase section */

/* Begin PBXGroup section */
		FFDA8F432DA41A0C006DEF08 = {
			isa = PBXGroup;
			children = (
				FFDA8F4E2DA41A0C006DEF08 /* DetaylıTableView */,
				FFDA8F652DA41A0D006DEF08 /* DetaylıTableViewTests */,
				FFDA8F6F2DA41A0D006DEF08 /* DetaylıTableViewUITests */,
				FFDA8F4D2DA41A0C006DEF08 /* Products */,
			);
			sourceTree = "<group>";
		};
		FFDA8F4D2DA41A0C006DEF08 /* Products */ = {
			isa = PBXGroup;
			children = (
				FFDA8F4C2DA41A0C006DEF08 /* DetaylıTableView.app */,
				FFDA8F622DA41A0D006DEF08 /* DetaylıTableViewTests.xctest */,
				FFDA8F6C2DA41A0D006DEF08 /* DetaylıTableViewUITests.xctest */,
			);
			name = Products;
			sourceTree = "<group>";
		};
/* End PBXGroup section */

/* Begin PBXNativeTarget section */
		FFDA8F4B2DA41A0C006DEF08 /* DetaylıTableView */ = {
			isa = PBXNativeTarget;
			buildConfigurationList = FFDA8F752DA41A0D006DEF08 /* Build configuration list for PBXNativeTarget "DetaylıTableView" */;
			buildPhases = (
				FFDA8F482DA41A0C006DEF08 /* Sources */,
				FFDA8F492DA41A0C006DEF08 /* Frameworks */,
				FFDA8F4A2DA41A0C006DEF08 /* Resources */,
			);
			buildRules = (
			);
			dependencies = (
			);
			fileSystemSynchronizedGroups = (
				FFDA8F4E2DA41A0C006DEF08 /* DetaylıTableView */,
			);
			name = "DetaylıTableView";
			packageProductDependencies = (
			);
			productName = "DetaylıTableView";
			productReference = FFDA8F4C2DA41A0C006DEF08 /* DetaylıTableView.app */;
			productType = "com.apple.product-type.application";
		};
		FFDA8F612DA41A0D006DEF08 /* DetaylıTableViewTests */ = {
			isa = PBXNativeTarget;
			buildConfigurationList = FFDA8F7A2DA41A0D006DEF08 /* Build configuration list for PBXNativeTarget "DetaylıTableViewTests" */;
			buildPhases = (
				FFDA8F5E2DA41A0D006DEF08 /* Sources */,
				FFDA8F5F2DA41A0D006DEF08 /* Frameworks */,
				FFDA8F602DA41A0D006DEF08 /* Resources */,
			);
			buildRules = (
			);
			dependencies = (
				FFDA8F642DA41A0D006DEF08 /* PBXTargetDependency */,
			);
			fileSystemSynchronizedGroups = (
				FFDA8F652DA41A0D006DEF08 /* DetaylıTableViewTests */,
			);
			name = "DetaylıTableViewTests";
			packageProductDependencies = (
			);
			productName = "DetaylıTableViewTests";
			productReference = FFDA8F622DA41A0D006DEF08 /* DetaylıTableViewTests.xctest */;
			productType = "com.apple.product-type.bundle.unit-test";
		};
		FFDA8F6B2DA41A0D006DEF08 /* DetaylıTableViewUITests */ = {
			isa = PBXNativeTarget;
			buildConfigurationList = FFDA8F7D2DA41A0D006DEF08 /* Build configuration list for PBXNativeTarget "DetaylıTableViewUITests" */;
			buildPhases = (
				FFDA8F682DA41A0D006DEF08 /* Sources */,
				FFDA8F692DA41A0D006DEF08 /* Frameworks */,
				FFDA8F6A2DA41A0D006DEF08 /* Resources */,
			);
			buildRules = (
			);
			dependencies = (
				FFDA8F6E2DA41A0D006DEF08 /* PBXTargetDependency */,
			);
			fileSystemSynchronizedGroups = (
				FFDA8F6F2DA41A0D006DEF08 /* DetaylıTableViewUITests */,
			);
			name = "DetaylıTableViewUITests";
			packageProductDependencies = (
			);
			productName = "DetaylıTableViewUITests";
			productReference = FFDA8F6C2DA41A0D006DEF08 /* DetaylıTableViewUITests.xctest */;
			productType = "com.apple.product-type.bundle.ui-testing";
		};
/* End PBXNativeTarget section */

/* Begin PBXProject section */
		FFDA8F442DA41A0C006DEF08 /* Project object */ = {
			isa = PBXProject;
			attributes = {
				BuildIndependentTargetsInParallel = 1;
				LastSwiftUpdateCheck = 1620;
				LastUpgradeCheck = 1620;
				TargetAttributes = {
					FFDA8F4B2DA41A0C006DEF08 = {
						CreatedOnToolsVersion = 16.2;
					};
					FFDA8F612DA41A0D006DEF08 = {
						CreatedOnToolsVersion = 16.2;
						TestTargetID = FFDA8F4B2DA41A0C006DEF08;
					};
					FFDA8F6B2DA41A0D006DEF08 = {
						CreatedOnToolsVersion = 16.2;
						TestTargetID = FFDA8F4B2DA41A0C006DEF08;
					};
				};
			};
			buildConfigurationList = FFDA8F472DA41A0C006DEF08 /* Build configuration list for PBXProject "DetaylıTableView" */;
			developmentRegion = en;
			hasScannedForEncodings = 0;
			knownRegions = (
				en,
				Base,
			);
			mainGroup = FFDA8F432DA41A0C006DEF08;
			minimizedProjectReferenceProxies = 1;
			preferredProjectObjectVersion = 77;
			productRefGroup = FFDA8F4D2DA41A0C006DEF08 /* Products */;
			projectDirPath = "";
			projectRoot = "";
			targets = (
				FFDA8F4B2DA41A0C006DEF08 /* DetaylıTableView */,
				FFDA8F612DA41A0D006DEF08 /* DetaylıTableViewTests */,
				FFDA8F6B2DA41A0D006DEF08 /* DetaylıTableViewUITests */,
			);
		};
/* End PBXProject section */

/* Begin PBXResourcesBuildPhase section */
		FFDA8F4A2DA41A0C006DEF08 /* Resources */ = {
			isa = PBXResourcesBuildPhase;
			buildActionMask = 2147483647;
			files = (
			);
			runOnlyForDeploymentPostprocessing = 0;
		};
		FFDA8F602DA41A0D006DEF08 /* Resources */ = {
			isa = PBXResourcesBuildPhase;
			buildActionMask = 2147483647;
			files = (
			);
			runOnlyForDeploymentPostprocessing = 0;
		};
		FFDA8F6A2DA41A0D006DEF08 /* Resources */ = {
			isa = PBXResourcesBuildPhase;
			buildActionMask = 2147483647;
			files = (
			);
			runOnlyForDeploymentPostprocessing = 0;
		};
/* End PBXResourcesBuildPhase section */

/* Begin PBXSourcesBuildPhase section */
		FFDA8F482DA41A0C006DEF08 /* Sources */ = {
			isa = PBXSourcesBuildPhase;
			buildActionMask = 2147483647;
			files = (
			);
			runOnlyForDeploymentPostprocessing = 0;
		};
		FFDA8F5E2DA41A0D006DEF08 /* Sources */ = {
			isa = PBXSourcesBuildPhase;
			buildActionMask = 2147483647;
			files = (
			);
			runOnlyForDeploymentPostprocessing = 0;
		};
		FFDA8F682DA41A0D006DEF08 /* Sources */ = {
			isa = PBXSourcesBuildPhase;
			buildActionMask = 2147483647;
			files = (
			);
			runOnlyForDeploymentPostprocessing = 0;
		};
/* End PBXSourcesBuildPhase section */

/* Begin PBXTargetDependency section */
		FFDA8F642DA41A0D006DEF08 /* PBXTargetDependency */ = {
			isa = PBXTargetDependency;
			target = FFDA8F4B2DA41A0C006DEF08 /* DetaylıTableView */;
			targetProxy = FFDA8F632DA41A0D006DEF08 /* PBXContainerItemProxy */;
		};
		FFDA8F6E2DA41A0D006DEF08 /* PBXTargetDependency */ = {
			isa = PBXTargetDependency;
			target = FFDA8F4B2DA41A0C006DEF08 /* DetaylıTableView */;
			targetProxy = FFDA8F6D2DA41A0D006DEF08 /* PBXContainerItemProxy */;
		};
/* End PBXTargetDependency section */

/* Begin XCBuildConfiguration section */
		FFDA8F762DA41A0D006DEF08 /* Debug */ = {
			isa = XCBuildConfiguration;
			buildSettings = {
				ASSETCATALOG_COMPILER_APPICON_NAME = AppIcon;
				ASSETCATALOG_COMPILER_GLOBAL_ACCENT_COLOR_NAME = AccentColor;
				CODE_SIGN_STYLE = Automatic;
				CURRENT_PROJECT_VERSION = 1;
				DEVELOPMENT_TEAM = T985K3P4V7;
				GENERATE_INFOPLIST_FILE = YES;
				INFOPLIST_FILE = "DetaylıTableView/Info.plist";
				INFOPLIST_KEY_UIApplicationSupportsIndirectInputEvents = YES;
				INFOPLIST_KEY_UILaunchStoryboardName = LaunchScreen;
				INFOPLIST_KEY_UIMainStoryboardFile = Main;
				INFOPLIST_KEY_UISupportedInterfaceOrientations_iPad = "UIInterfaceOrientationPortrait UIInterfaceOrientationPortraitUpsideDown UIInterfaceOrientationLandscapeLeft UIInterfaceOrientationLandscapeRight";
				INFOPLIST_KEY_UISupportedInterfaceOrientations_iPhone = "UIInterfaceOrientationPortrait UIInterfaceOrientationLandscapeLeft UIInterfaceOrientationLandscapeRight";
				LD_RUNPATH_SEARCH_PATHS = (
					"$(inherited)",
					"@executable_path/Frameworks",
				);
				MARKETING_VERSION = 1.0;
				PRODUCT_BUNDLE_IDENTIFIER = "com.omerapaydin.Detayl-TableView";
				PRODUCT_NAME = "$(TARGET_NAME)";
				SWIFT_EMIT_LOC_STRINGS = YES;
				SWIFT_VERSION = 5.0;
				TARGETED_DEVICE_FAMILY = "1,2";
			};
			name = Debug;
		};
		FFDA8F772DA41A0D006DEF08 /* Release */ = {
			isa = XCBuildConfiguration;
			buildSettings = {
				ASSETCATALOG_COMPILER_APPICON_NAME = AppIcon;
				ASSETCATALOG_COMPILER_GLOBAL_ACCENT_COLOR_NAME = AccentColor;
				CODE_SIGN_STYLE = Automatic;
				CURRENT_PROJECT_VERSION = 1;
				DEVELOPMENT_TEAM = T985K3P4V7;
				GENERATE_INFOPLIST_FILE = YES;
				INFOPLIST_FILE = "DetaylıTableView/Info.plist";
				INFOPLIST_KEY_UIApplicationSupportsIndirectInputEvents = YES;
				INFOPLIST_KEY_UILaunchStoryboardName = LaunchScreen;
				INFOPLIST_KEY_UIMainStoryboardFile = Main;
				INFOPLIST_KEY_UISupportedInterfaceOrientations_iPad = "UIInterfaceOrientationPortrait UIInterfaceOrientationPortraitUpsideDown UIInterfaceOrientationLandscapeLeft UIInterfaceOrientationLandscapeRight";
				INFOPLIST_KEY_UISupportedInterfaceOrientations_iPhone = "UIInterfaceOrientationPortrait UIInterfaceOrientationLandscapeLeft UIInterfaceOrientationLandscapeRight";
				LD_RUNPATH_SEARCH_PATHS = (
					"$(inherited)",
					"@executable_path/Frameworks",
				);
				MARKETING_VERSION = 1.0;
				PRODUCT_BUNDLE_IDENTIFIER = "com.omerapaydin.Detayl-TableView";
				PRODUCT_NAME = "$(TARGET_NAME)";
				SWIFT_EMIT_LOC_STRINGS = YES;
				SWIFT_VERSION = 5.0;
				TARGETED_DEVICE_FAMILY = "1,2";
			};
			name = Release;
		};
		FFDA8F782DA41A0D006DEF08 /* Debug */ = {
			isa = XCBuildConfiguration;
			buildSettings = {
				ALWAYS_SEARCH_USER_PATHS = NO;
				ASSETCATALOG_COMPILER_GENERATE_SWIFT_ASSET_SYMBOL_EXTENSIONS = YES;
				CLANG_ANALYZER_NONNULL = YES;
				CLANG_ANALYZER_NUMBER_OBJECT_CONVERSION = YES_AGGRESSIVE;
				CLANG_CXX_LANGUAGE_STANDARD = "gnu++20";
				CLANG_ENABLE_MODULES = YES;
				CLANG_ENABLE_OBJC_ARC = YES;
				CLANG_ENABLE_OBJC_WEAK = YES;
				CLANG_WARN_BLOCK_CAPTURE_AUTORELEASING = YES;
				CLANG_WARN_BOOL_CONVERSION = YES;
				CLANG_WARN_COMMA = YES;
				CLANG_WARN_CONSTANT_CONVERSION = YES;
				CLANG_WARN_DEPRECATED_OBJC_IMPLEMENTATIONS = YES;
				CLANG_WARN_DIRECT_OBJC_ISA_USAGE = YES_ERROR;
				CLANG_WARN_DOCUMENTATION_COMMENTS = YES;
				CLANG_WARN_EMPTY_BODY = YES;
				CLANG_WARN_ENUM_CONVERSION = YES;
				CLANG_WARN_INFINITE_RECURSION = YES;
				CLANG_WARN_INT_CONVERSION = YES;
				CLANG_WARN_NON_LITERAL_NULL_CONVERSION = YES;
				CLANG_WARN_OBJC_IMPLICIT_RETAIN_SELF = YES;
				CLANG_WARN_OBJC_LITERAL_CONVERSION = YES;
				CLANG_WARN_OBJC_ROOT_CLASS = YES_ERROR;
				CLANG_WARN_QUOTED_INCLUDE_IN_FRAMEWORK_HEADER = YES;
				CLANG_WARN_RANGE_LOOP_ANALYSIS = YES;
				CLANG_WARN_STRICT_PROTOTYPES = YES;
				CLANG_WARN_SUSPICIOUS_MOVE = YES;
				CLANG_WARN_UNGUARDED_AVAILABILITY = YES_AGGRESSIVE;
				CLANG_WARN_UNREACHABLE_CODE = YES;
				CLANG_WARN__DUPLICATE_METHOD_MATCH = YES;
				COPY_PHASE_STRIP = NO;
				DEBUG_INFORMATION_FORMAT = dwarf;
				ENABLE_STRICT_OBJC_MSGSEND = YES;
				ENABLE_TESTABILITY = YES;
				ENABLE_USER_SCRIPT_SANDBOXING = YES;
				GCC_C_LANGUAGE_STANDARD = gnu17;
				GCC_DYNAMIC_NO_PIC = NO;
				GCC_NO_COMMON_BLOCKS = YES;
				GCC_OPTIMIZATION_LEVEL = 0;
				GCC_PREPROCESSOR_DEFINITIONS = (
					"DEBUG=1",
					"$(inherited)",
				);
				GCC_WARN_64_TO_32_BIT_CONVERSION = YES;
				GCC_WARN_ABOUT_RETURN_TYPE = YES_ERROR;
				GCC_WARN_UNDECLARED_SELECTOR = YES;
				GCC_WARN_UNINITIALIZED_AUTOS = YES_AGGRESSIVE;
				GCC_WARN_UNUSED_FUNCTION = YES;
				GCC_WARN_UNUSED_VARIABLE = YES;
				IPHONEOS_DEPLOYMENT_TARGET = 18.2;
				LOCALIZATION_PREFERS_STRING_CATALOGS = YES;
				MTL_ENABLE_DEBUG_INFO = INCLUDE_SOURCE;
				MTL_FAST_MATH = YES;
				ONLY_ACTIVE_ARCH = YES;
				SDKROOT = iphoneos;
				SWIFT_ACTIVE_COMPILATION_CONDITIONS = "DEBUG $(inherited)";
				SWIFT_OPTIMIZATION_LEVEL = "-Onone";
			};
			name = Debug;
		};
		FFDA8F792DA41A0D006DEF08 /* Release */ = {
			isa = XCBuildConfiguration;
			buildSettings = {
				ALWAYS_SEARCH_USER_PATHS = NO;
				ASSETCATALOG_COMPILER_GENERATE_SWIFT_ASSET_SYMBOL_EXTENSIONS = YES;
				CLANG_ANALYZER_NONNULL = YES;
				CLANG_ANALYZER_NUMBER_OBJECT_CONVERSION = YES_AGGRESSIVE;
				CLANG_CXX_LANGUAGE_STANDARD = "gnu++20";
				CLANG_ENABLE_MODULES = YES;
				CLANG_ENABLE_OBJC_ARC = YES;
				CLANG_ENABLE_OBJC_WEAK = YES;
				CLANG_WARN_BLOCK_CAPTURE_AUTORELEASING = YES;
				CLANG_WARN_BOOL_CONVERSION = YES;
				CLANG_WARN_COMMA = YES;
				CLANG_WARN_CONSTANT_CONVERSION = YES;
				CLANG_WARN_DEPRECATED_OBJC_IMPLEMENTATIONS = YES;
				CLANG_WARN_DIRECT_OBJC_ISA_USAGE = YES_ERROR;
				CLANG_WARN_DOCUMENTATION_COMMENTS = YES;
				CLANG_WARN_EMPTY_BODY = YES;
				CLANG_WARN_ENUM_CONVERSION = YES;
				CLANG_WARN_INFINITE_RECURSION = YES;
				CLANG_WARN_INT_CONVERSION = YES;
				CLANG_WARN_NON_LITERAL_NULL_CONVERSION = YES;
				CLANG_WARN_OBJC_IMPLICIT_RETAIN_SELF = YES;
				CLANG_WARN_OBJC_LITERAL_CONVERSION = YES;
				CLANG_WARN_OBJC_ROOT_CLASS = YES_ERROR;
				CLANG_WARN_QUOTED_INCLUDE_IN_FRAMEWORK_HEADER = YES;
				CLANG_WARN_RANGE_LOOP_ANALYSIS = YES;
				CLANG_WARN_STRICT_PROTOTYPES = YES;
				CLANG_WARN_SUSPICIOUS_MOVE = YES;
				CLANG_WARN_UNGUARDED_AVAILABILITY = YES_AGGRESSIVE;
				CLANG_WARN_UNREACHABLE_CODE = YES;
				CLANG_WARN__DUPLICATE_METHOD_MATCH = YES;
				COPY_PHASE_STRIP = NO;
				DEBUG_INFORMATION_FORMAT = "dwarf-with-dsym";
				ENABLE_NS_ASSERTIONS = NO;
				ENABLE_STRICT_OBJC_MSGSEND = YES;
				ENABLE_USER_SCRIPT_SANDBOXING = YES;
				GCC_C_LANGUAGE_STANDARD = gnu17;
				GCC_NO_COMMON_BLOCKS = YES;
				GCC_WARN_64_TO_32_BIT_CONVERSION = YES;
				GCC_WARN_ABOUT_RETURN_TYPE = YES_ERROR;
				GCC_WARN_UNDECLARED_SELECTOR = YES;
				GCC_WARN_UNINITIALIZED_AUTOS = YES_AGGRESSIVE;
				GCC_WARN_UNUSED_FUNCTION = YES;
				GCC_WARN_UNUSED_VARIABLE = YES;
				IPHONEOS_DEPLOYMENT_TARGET = 18.2;
				LOCALIZATION_PREFERS_STRING_CATALOGS = YES;
				MTL_ENABLE_DEBUG_INFO = NO;
				MTL_FAST_MATH = YES;
				SDKROOT = iphoneos;
				SWIFT_COMPILATION_MODE = wholemodule;
				VALIDATE_PRODUCT = YES;
			};
			name = Release;
		};
		FFDA8F7B2DA41A0D006DEF08 /* Debug */ = {
			isa = XCBuildConfiguration;
			buildSettings = {
				BUNDLE_LOADER = "$(TEST_HOST)";
				CODE_SIGN_STYLE = Automatic;
				CURRENT_PROJECT_VERSION = 1;
				DEVELOPMENT_TEAM = T985K3P4V7;
				GENERATE_INFOPLIST_FILE = YES;
				IPHONEOS_DEPLOYMENT_TARGET = 18.2;
				MARKETING_VERSION = 1.0;
				PRODUCT_BUNDLE_IDENTIFIER = "com.omerapaydin.Detayl-TableViewTests";
				PRODUCT_NAME = "$(TARGET_NAME)";
				SWIFT_EMIT_LOC_STRINGS = NO;
				SWIFT_VERSION = 5.0;
				TARGETED_DEVICE_FAMILY = "1,2";
				TEST_HOST = "$(BUILT_PRODUCTS_DIR)/DetaylıTableView.app/$(BUNDLE_EXECUTABLE_FOLDER_PATH)/DetaylıTableView";
			};
			name = Debug;
		};
		FFDA8F7C2DA41A0D006DEF08 /* Release */ = {
			isa = XCBuildConfiguration;
			buildSettings = {
				BUNDLE_LOADER = "$(TEST_HOST)";
				CODE_SIGN_STYLE = Automatic;
				CURRENT_PROJECT_VERSION = 1;
				DEVELOPMENT_TEAM = T985K3P4V7;
				GENERATE_INFOPLIST_FILE = YES;
				IPHONEOS_DEPLOYMENT_TARGET = 18.2;
				MARKETING_VERSION = 1.0;
				PRODUCT_BUNDLE_IDENTIFIER = "com.omerapaydin.Detayl-TableViewTests";
				PRODUCT_NAME = "$(TARGET_NAME)";
				SWIFT_EMIT_LOC_STRINGS = NO;
				SWIFT_VERSION = 5.0;
				TARGETED_DEVICE_FAMILY = "1,2";
				TEST_HOST = "$(BUILT_PRODUCTS_DIR)/DetaylıTableView.app/$(BUNDLE_EXECUTABLE_FOLDER_PATH)/DetaylıTableView";
			};
			name = Release;
		};
		FFDA8F7E2DA41A0D006DEF08 /* Debug */ = {
			isa = XCBuildConfiguration;
			buildSettings = {
				CODE_SIGN_STYLE = Automatic;
				CURRENT_PROJECT_VERSION = 1;
				DEVELOPMENT_TEAM = T985K3P4V7;
				GENERATE_INFOPLIST_FILE = YES;
				MARKETING_VERSION = 1.0;
				PRODUCT_BUNDLE_IDENTIFIER = "com.omerapaydin.Detayl-TableViewUITests";
				PRODUCT_NAME = "$(TARGET_NAME)";
				SWIFT_EMIT_LOC_STRINGS = NO;
				SWIFT_VERSION = 5.0;
				TARGETED_DEVICE_FAMILY = "1,2";
				TEST_TARGET_NAME = "DetaylıTableView";
			};
			name = Debug;
		};
		FFDA8F7F2DA41A0D006DEF08 /* Release */ = {
			isa = XCBuildConfiguration;
			buildSettings = {
				CODE_SIGN_STYLE = Automatic;
				CURRENT_PROJECT_VERSION = 1;
				DEVELOPMENT_TEAM = T985K3P4V7;
				GENERATE_INFOPLIST_FILE = YES;
				MARKETING_VERSION = 1.0;
				PRODUCT_BUNDLE_IDENTIFIER = "com.omerapaydin.Detayl-TableViewUITests";
				PRODUCT_NAME = "$(TARGET_NAME)";
				SWIFT_EMIT_LOC_STRINGS = NO;
				SWIFT_VERSION = 5.0;
				TARGETED_DEVICE_FAMILY = "1,2";
				TEST_TARGET_NAME = "DetaylıTableView";
			};
			name = Release;
		};
/* End XCBuildConfiguration section */

/* Begin XCConfigurationList section */
		FFDA8F472DA41A0C006DEF08 /* Build configuration list for PBXProject "DetaylıTableView" */ = {
			isa = XCConfigurationList;
			buildConfigurations = (
				FFDA8F782DA41A0D006DEF08 /* Debug */,
				FFDA8F792DA41A0D006DEF08 /* Release */,
			);
			defaultConfigurationIsVisible = 0;
			defaultConfigurationName = Release;
		};
		FFDA8F752DA41A0D006DEF08 /* Build configuration list for PBXNativeTarget "DetaylıTableView" */ = {
			isa = XCConfigurationList;
			buildConfigurations = (
				FFDA8F762DA41A0D006DEF08 /* Debug */,
				FFDA8F772DA41A0D006DEF08 /* Release */,
			);
			defaultConfigurationIsVisible = 0;
			defaultConfigurationName = Release;
		};
		FFDA8F7A2DA41A0D006DEF08 /* Build configuration list for PBXNativeTarget "DetaylıTableViewTests" */ = {
			isa = XCConfigurationList;
			buildConfigurations = (
				FFDA8F7B2DA41A0D006DEF08 /* Debug */,
				FFDA8F7C2DA41A0D006DEF08 /* Release */,
			);
			defaultConfigurationIsVisible = 0;
			defaultConfigurationName = Release;
		};
		FFDA8F7D2DA41A0D006DEF08 /* Build configuration list for PBXNativeTarget "DetaylıTableViewUITests" */ = {
			isa = XCConfigurationList;
			buildConfigurations = (
				FFDA8F7E2DA41A0D006DEF08 /* Debug */,
				FFDA8F7F2DA41A0D006DEF08 /* Release */,
			);
			defaultConfigurationIsVisible = 0;
			defaultConfigurationName = Release;
		};
/* End XCConfigurationList section */
	};
	rootObject = FFDA8F442DA41A0C006DEF08 /* Project object */;
}
